
Microsoft Visual Studio Solution File, Format Version 12.00
# Visual Studio 15
Project("{FAE04EC0-301F-11D3-BF4B-00C04F79EFBC}") = "Moment2", "Moment2\Moment2.csproj", "{C9ECFF7F-1770-4ECF-903F-222E51893FCB}"
EndProject
Global
	GlobalSection(SolutionConfigurationPlatforms) = preSolution
		Debug|Any CPU = Debug|Any CPU
		Release|Any CPU = Release|Any CPU
	EndGlobalSection
	GlobalSection(ProjectConfigurationPlatforms) = postSolution
		{C9ECFF7F-1770-4ECF-903F-222E51893FCB}.Debug|Any CPU.ActiveCfg = Debug|Any CPU
		{C9ECFF7F-1770-4ECF-903F-222E51893FCB}.Debug|Any CPU.Build.0 = Debug|Any CPU
		{C9ECFF7F-1770-4ECF-903F-222E51893FCB}.Release|Any CPU.ActiveCfg = Release|Any CPU
		{C9ECFF7F-1770-4ECF-903F-222E51893FCB}.Release|Any CPU.Build.0 = Release|Any CPU
	EndGlobalSection
EndGlobal
